{
  "name": "npm-audit-test",
  "version": "1.0.0",
  "lockfileVersion": 3,
  "requires": true,
  "packages": {
    "": {
      "name": "npm-audit-test",
      "version": "1.0.0",
      "dependencies": {
        "lodash": "4.17.20"
      }
    },
    "node_modules/lodash": {
      "version": "4.17.20",
      "resolved": "https://registry.npmjs.org/lodash/-/lodash-4.17.20.tgz",
      "integrity": "sha512-PlhdJb9oQp5MnYhN2YTYZQ+RrO0pO+uF8k1o+V1G9YkZqKfPqWvKq+CBNfQJqKJ9gZnV9fJ7mT5K7h7vM9mKQ=="
    }
  }
}
